// !$*UTF8*$!
{
	archiveVersion = 1;
	classes = {
	};
	objectVersion = 56;
	objects = {

/* Begin PBXBuildFile section */
		1733448282CEC149AE7ACC0E /* AccountDeletionView.swift in Sources */ = {isa = PBXBuildFile; fileRef = 538041298CE595C571F283D5 /* AccountDeletionView.swift */; };
		209A43B48C452A84BD1FE6AB /* LineLinkView.swift in Sources */ = {isa = PBXBuildFile; fileRef = C89647ECB1AD0E183FF5121F /* LineLinkView.swift */; };
		4419400781E91FDB11AB0739 /* StoreManager.swift in Sources */ = {isa = PBXBuildFile; fileRef = 832A4E18929D78B72AE8B02A /* StoreManager.swift */; };
		50AD4488A2E2A691C8C7AB85 /* FamilyNotificationStatusView.swift in Sources */ = {isa = PBXBuildFile; fileRef = 5FB44B198D2AD87F59C94200 /* FamilyNotificationStatusView.swift */; };
		817D44619A642CE4CBCCDA46 /* PremiumView.swift in Sources */ = {isa = PBXBuildFile; fileRef = 300446F5AD2C84FD704C4A8A /* PremiumView.swift */; };
		896B4D29A7985AE0D4A66792 /* APIClient.swift in Sources */ = {isa = PBXBuildFile; fileRef = F229431790F9E3263F19B372 /* APIClient.swift */; };
		A10000010000000000000001 /* MimamoriTapApp.swift in Sources */ = {isa = PBXBuildFile; fileRef = A20000010000000000000001 /* MimamoriTapApp.swift */; };
		A10000010000000000000002 /* ContentView.swift in Sources */ = {isa = PBXBuildFile; fileRef = A20000010000000000000002 /* ContentView.swift */; };
		A10000010000000000000003 /* HomeView.swift in Sources */ = {isa = PBXBuildFile; fileRef = A20000010000000000000003 /* HomeView.swift */; };
		A10000010000000000000004 /* ContactsView.swift in Sources */ = {isa = PBXBuildFile; fileRef = A20000010000000000000004 /* ContactsView.swift */; };
		A10000010000000000000005 /* HistoryView.swift in Sources */ = {isa = PBXBuildFile; fileRef = A20000010000000000000005 /* HistoryView.swift */; };
		A10000010000000000000006 /* SettingsView.swift in Sources */ = {isa = PBXBuildFile; fileRef = A20000010000000000000006 /* SettingsView.swift */; };
		A10000010000000000000007 /* TapRecord.swift in Sources */ = {isa = PBXBuildFile; fileRef = A20000010000000000000007 /* TapRecord.swift */; };
		A10000010000000000000008 /* Assets.xcassets in Resources */ = {isa = PBXBuildFile; fileRef = A20000010000000000000008 /* Assets.xcassets */; };
		A10000010000000000000009 /* NotificationManager.swift in Sources */ = {isa = PBXBuildFile; fileRef = A20000010000000000000011 /* NotificationManager.swift */; };
		B10000010000000000000001 /* ScreenshotTests.swift in Sources */ = {isa = PBXBuildFile; fileRef = B20000010000000000000001 /* ScreenshotTests.swift */; };
/* End PBXBuildFile section */

/* Begin PBXContainerItemProxy section */
		B70000010000000000000001 /* PBXContainerItemProxy */ = {
			isa = PBXContainerItemProxy;
			containerPortal = A80000010000000000000001 /* Project object */;
			proxyType = 1;
			remoteGlobalIDString = A50000010000000000000001;
			remoteInfo = MimamoriTap;
		};
/* End PBXContainerItemProxy section */

/* Begin PBXFileReference section */
		215A43D8A7E30EE2BC965C75 /* StoreKitConfiguration.storekit */ = {isa = PBXFileReference; lastKnownFileType = None; name = StoreKitConfiguration.storekit; path = MimamoriTap/StoreKitConfiguration.storekit; sourceTree = SOURCE_ROOT; };
		300446F5AD2C84FD704C4A8A /* PremiumView.swift */ = {isa = PBXFileReference; lastKnownFileType = sourcecode.swift; name = PremiumView.swift; path = MimamoriTap/Views/PremiumView.swift; sourceTree = SOURCE_ROOT; };
		538041298CE595C571F283D5 /* AccountDeletionView.swift */ = {isa = PBXFileReference; lastKnownFileType = sourcecode.swift; name = AccountDeletionView.swift; path = MimamoriTap/Views/AccountDeletionView.swift; sourceTree = SOURCE_ROOT; };
		5FB44B198D2AD87F59C94200 /* FamilyNotificationStatusView.swift */ = {isa = PBXFileReference; lastKnownFileType = sourcecode.swift; name = FamilyNotificationStatusView.swift; path = MimamoriTap/Views/FamilyNotificationStatusView.swift; sourceTree = SOURCE_ROOT; };
		832A4E18929D78B72AE8B02A /* StoreManager.swift */ = {isa = PBXFileReference; lastKnownFileType = sourcecode.swift; name = StoreManager.swift; path = MimamoriTap/StoreKit/StoreManager.swift; sourceTree = SOURCE_ROOT; };
		A20000010000000000000001 /* MimamoriTapApp.swift */ = {isa = PBXFileReference; lastKnownFileType = sourcecode.swift; path = MimamoriTapApp.swift; sourceTree = "<group>"; };
		A20000010000000000000002 /* ContentView.swift */ = {isa = PBXFileReference; lastKnownFileType = sourcecode.swift; path = ContentView.swift; sourceTree = "<group>"; };
		A20000010000000000000003 /* HomeView.swift */ = {isa = PBXFileReference; lastKnownFileType = sourcecode.swift; path = HomeView.swift; sourceTree = "<group>"; };
		A20000010000000000000004 /* ContactsView.swift */ = {isa = PBXFileReference; lastKnownFileType = sourcecode.swift; path = ContactsView.swift; sourceTree = "<group>"; };
		A20000010000000000000005 /* HistoryView.swift */ = {isa = PBXFileReference; lastKnownFileType = sourcecode.swift; path = HistoryView.swift; sourceTree = "<group>"; };
		A20000010000000000000006 /* SettingsView.swift */ = {isa = PBXFileReference; lastKnownFileType = sourcecode.swift; path = SettingsView.swift; sourceTree = "<group>"; };
		A20000010000000000000007 /* TapRecord.swift */ = {isa = PBXFileReference; lastKnownFileType = sourcecode.swift; path = TapRecord.swift; sourceTree = "<group>"; };
		A20000010000000000000008 /* Assets.xcassets */ = {isa = PBXFileReference; lastKnownFileType = folder.assetcatalog; path = Assets.xcassets; sourceTree = "<group>"; };
		A20000010000000000000009 /* Info.plist */ = {isa = PBXFileReference; lastKnownFileType = text.plist.xml; path = Info.plist; sourceTree = "<group>"; };
		A20000010000000000000010 /* MimamoriTap.app */ = {isa = PBXFileReference; explicitFileType = wrapper.application; includeInIndex = 0; path = MimamoriTap.app; sourceTree = BUILT_PRODUCTS_DIR; };
		A20000010000000000000011 /* NotificationManager.swift */ = {isa = PBXFileReference; lastKnownFileType = sourcecode.swift; path = NotificationManager.swift; sourceTree = "<group>"; };
		B20000010000000000000001 /* ScreenshotTests.swift */ = {isa = PBXFileReference; lastKnownFileType = sourcecode.swift; path = ScreenshotTests.swift; sourceTree = "<group>"; };
		B20000010000000000000002 /* MimamoriTapUITests.xctest */ = {isa = PBXFileReference; explicitFileType = wrapper.cfbundle; includeInIndex = 0; path = MimamoriTapUITests.xctest; sourceTree = BUILT_PRODUCTS_DIR; };
		C89647ECB1AD0E183FF5121F /* LineLinkView.swift */ = {isa = PBXFileReference; lastKnownFileType = sourcecode.swift; name = LineLinkView.swift; path = MimamoriTap/Views/LineLinkView.swift; sourceTree = SOURCE_ROOT; };
		F229431790F9E3263F19B372 /* APIClient.swift */ = {isa = PBXFileReference; lastKnownFileType = sourcecode.swift; name = APIClient.swift; path = MimamoriTap/Services/APIClient.swift; sourceTree = SOURCE_ROOT; };
/* End PBXFileReference section */

/* Begin PBXFrameworksBuildPhase section */
		A30000010000000000000001 /* Frameworks */ = {
			isa = PBXFrameworksBuildPhase;
			buildActionMask = 2147483647;
			files = (
			);
			runOnlyForDeploymentPostprocessing = 0;
		};
		B30000010000000000000001 /* Frameworks */ = {
			isa = PBXFrameworksBuildPhase;
			buildActionMask = 2147483647;
			files = (
			);
			runOnlyForDeploymentPostprocessing = 0;
		};
/* End PBXFrameworksBuildPhase section */

/* Begin PBXGroup section */
		A40000010000000000000001 = {
			isa = PBXGroup;
			children = (
				A40000010000000000000002 /* MimamoriTap */,
				B40000010000000000000001 /* MimamoriTapUITests */,
				A40000010000000000000006 /* Products */,
				F229431790F9E3263F19B372 /* APIClient.swift */,
				C89647ECB1AD0E183FF5121F /* LineLinkView.swift */,
				5FB44B198D2AD87F59C94200 /* FamilyNotificationStatusView.swift */,
				538041298CE595C571F283D5 /* AccountDeletionView.swift */,
			);
			sourceTree = "<group>";
		};
		A40000010000000000000002 /* MimamoriTap */ = {
			isa = PBXGroup;
			children = (
				A20000010000000000000001 /* MimamoriTapApp.swift */,
				A20000010000000000000002 /* ContentView.swift */,
				A20000010000000000000011 /* NotificationManager.swift */,
				A40000010000000000000003 /* Views */,
				A40000010000000000000004 /* Models */,
				A20000010000000000000008 /* Assets.xcassets */,
				A20000010000000000000009 /* Info.plist */,
				215A43D8A7E30EE2BC965C75 /* StoreKitConfiguration.storekit */,
				CDA24A769EF1D202BD39B759 /* StoreKit */,
			);
			path = MimamoriTap;
			sourceTree = "<group>";
		};
		A40000010000000000000003 /* Views */ = {
			isa = PBXGroup;
			children = (
				A20000010000000000000003 /* HomeView.swift */,
				A20000010000000000000004 /* ContactsView.swift */,
				A20000010000000000000005 /* HistoryView.swift */,
				A20000010000000000000006 /* SettingsView.swift */,
				300446F5AD2C84FD704C4A8A /* PremiumView.swift */,
			);
			path = Views;
			sourceTree = "<group>";
		};
		A40000010000000000000004 /* Models */ = {
			isa = PBXGroup;
			children = (
				A20000010000000000000007 /* TapRecord.swift */,
			);
			path = Models;
			sourceTree = "<group>";
		};
		A40000010000000000000006 /* Products */ = {
			isa = PBXGroup;
			children = (
				A20000010000000000000010 /* MimamoriTap.app */,
				B20000010000000000000002 /* MimamoriTapUITests.xctest */,
			);
			name = Products;
			sourceTree = "<group>";
		};
		B40000010000000000000001 /* MimamoriTapUITests */ = {
			isa = PBXGroup;
			children = (
				B20000010000000000000001 /* ScreenshotTests.swift */,
			);
			path = MimamoriTapUITests;
			sourceTree = "<group>";
		};
		CDA24A769EF1D202BD39B759 /* StoreKit */ = {
			isa = PBXGroup;
			children = (
				832A4E18929D78B72AE8B02A /* StoreManager.swift */,
			);
			path = StoreKit;
			sourceTree = "<group>";
		};
/* End PBXGroup section */

/* Begin PBXNativeTarget section */
		A50000010000000000000001 /* MimamoriTap */ = {
			isa = PBXNativeTarget;
			buildConfigurationList = A70000010000000000000003 /* Build configuration list for PBXNativeTarget "MimamoriTap" */;
			buildPhases = (
				A60000010000000000000001 /* Sources */,
				A30000010000000000000001 /* Frameworks */,
				A60000010000000000000002 /* Resources */,
			);
			buildRules = (
			);
			dependencies = (
			);
			name = MimamoriTap;
			productName = MimamoriTap;
			productReference = A20000010000000000000010 /* MimamoriTap.app */;
			productType = "com.apple.product-type.application";
		};
		B50000010000000000000001 /* MimamoriTapUITests */ = {
			isa = PBXNativeTarget;
			buildConfigurationList = BA0000010000000000000001 /* Build configuration list for PBXNativeTarget "MimamoriTapUITests" */;
			buildPhases = (
				B60000010000000000000001 /* Sources */,
				B30000010000000000000001 /* Frameworks */,
				B60000010000000000000002 /* Resources */,
			);
			buildRules = (
			);
			dependencies = (
				B80000010000000000000001 /* PBXTargetDependency */,
			);
			name = MimamoriTapUITests;
			productName = MimamoriTapUITests;
			productReference = B20000010000000000000002 /* MimamoriTapUITests.xctest */;
			productType = "com.apple.product-type.bundle.ui-testing";
		};
/* End PBXNativeTarget section */

/* Begin PBXProject section */
		A80000010000000000000001 /* Project object */ = {
			isa = PBXProject;
			attributes = {
				BuildIndependentTargetsInParallel = 1;
				LastSwiftUpdateCheck = 1500;
				LastUpgradeCheck = 1500;
				TargetAttributes = {
					A50000010000000000000001 = {
						CreatedOnToolsVersion = 15.0;
					};
					B50000010000000000000001 = {
						CreatedOnToolsVersion = 15.0;
						TestTargetID = A50000010000000000000001;
					};
				};
			};
			buildConfigurationList = A70000010000000000000001 /* Build configuration list for PBXProject "MimamoriTap" */;
			compatibilityVersion = "Xcode 14.0";
			developmentRegion = ja;
			hasScannedForEncodings = 0;
			knownRegions = (
				ja,
				Base,
			);
			mainGroup = A40000010000000000000001;
			productRefGroup = A40000010000000000000006 /* Products */;
			projectDirPath = "";
			projectRoot = "";
			targets = (
				A50000010000000000000001 /* MimamoriTap */,
				B50000010000000000000001 /* MimamoriTapUITests */,
			);
		};
/* End PBXProject section */

/* Begin PBXResourcesBuildPhase section */
		A60000010000000000000002 /* Resources */ = {
			isa = PBXResourcesBuildPhase;
			buildActionMask = 2147483647;
			files = (
				A10000010000000000000008 /* Assets.xcassets in Resources */,
			);
			runOnlyForDeploymentPostprocessing = 0;
		};
		B60000010000000000000002 /* Resources */ = {
			isa = PBXResourcesBuildPhase;
			buildActionMask = 2147483647;
			files = (
			);
			runOnlyForDeploymentPostprocessing = 0;
		};
/* End PBXResourcesBuildPhase section */

/* Begin PBXSourcesBuildPhase section */
		A60000010000000000000001 /* Sources */ = {
			isa = PBXSourcesBuildPhase;
			buildActionMask = 2147483647;
			files = (
				A10000010000000000000001 /* MimamoriTapApp.swift in Sources */,
				A10000010000000000000002 /* ContentView.swift in Sources */,
				A10000010000000000000003 /* HomeView.swift in Sources */,
				A10000010000000000000004 /* ContactsView.swift in Sources */,
				A10000010000000000000005 /* HistoryView.swift in Sources */,
				A10000010000000000000006 /* SettingsView.swift in Sources */,
				A10000010000000000000007 /* TapRecord.swift in Sources */,
				A10000010000000000000009 /* NotificationManager.swift in Sources */,
				4419400781E91FDB11AB0739 /* StoreManager.swift in Sources */,
				817D44619A642CE4CBCCDA46 /* PremiumView.swift in Sources */,
				896B4D29A7985AE0D4A66792 /* APIClient.swift in Sources */,
				209A43B48C452A84BD1FE6AB /* LineLinkView.swift in Sources */,
				50AD4488A2E2A691C8C7AB85 /* FamilyNotificationStatusView.swift in Sources */,
				1733448282CEC149AE7ACC0E /* AccountDeletionView.swift in Sources */,
			);
			runOnlyForDeploymentPostprocessing = 0;
		};
		B60000010000000000000001 /* Sources */ = {
			isa = PBXSourcesBuildPhase;
			buildActionMask = 2147483647;
			files = (
				B10000010000000000000001 /* ScreenshotTests.swift in Sources */,
			);
			runOnlyForDeploymentPostprocessing = 0;
		};
/* End PBXSourcesBuildPhase section */

/* Begin PBXTargetDependency section */
		B80000010000000000000001 /* PBXTargetDependency */ = {
			isa = PBXTargetDependency;
			target = A50000010000000000000001 /* MimamoriTap */;
			targetProxy = B70000010000000000000001 /* PBXContainerItemProxy */;
		};
/* End PBXTargetDependency section */

/* Begin XCBuildConfiguration section */
		A90000010000000000000001 /* Debug */ = {
			isa = XCBuildConfiguration;
			buildSettings = {
				ALWAYS_SEARCH_USER_PATHS = NO;
				ASSETCATALOG_COMPILER_GENERATE_SWIFT_ASSET_SYMBOL_EXTENSIONS = YES;
				CLANG_ANALYZER_NONNULL = YES;
				CLANG_ANALYZER_NUMBER_OBJECT_CONVERSION = YES_AGGRESSIVE;
				CLANG_CXX_LANGUAGE_STANDARD = "gnu++20";
				CLANG_ENABLE_MODULES = YES;
				CLANG_ENABLE_OBJC_ARC = YES;
				CLANG_ENABLE_OBJC_WEAK = YES;
				CLANG_WARN_BLOCK_CAPTURE_AUTORELEASING = YES;
				CLANG_WARN_BOOL_CONVERSION = YES;
				CLANG_WARN_COMMA = YES;
				CLANG_WARN_CONSTANT_CONVERSION = YES;
				CLANG_WARN_DEPRECATED_OBJC_IMPLEMENTATIONS = YES;
				CLANG_WARN_DIRECT_OBJC_ISA_USAGE = YES_ERROR;
				CLANG_WARN_DOCUMENTATION_COMMENTS = YES;
				CLANG_WARN_EMPTY_BODY = YES;
				CLANG_WARN_ENUM_CONVERSION = YES;
				CLANG_WARN_INFINITE_RECURSION = YES;
				CLANG_WARN_INT_CONVERSION = YES;
				CLANG_WARN_NON_LITERAL_NULL_CONVERSION = YES;
				CLANG_WARN_OBJC_IMPLICIT_RETAIN_SELF = YES;
				CLANG_WARN_OBJC_LITERAL_CONVERSION = YES;
				CLANG_WARN_OBJC_ROOT_CLASS = YES_ERROR;
				CLANG_WARN_QUOTED_INCLUDE_IN_FRAMEWORK_HEADER = YES;
				CLANG_WARN_RANGE_LOOP_ANALYSIS = YES;
				CLANG_WARN_STRICT_PROTOTYPES = YES;
				CLANG_WARN_SUSPICIOUS_MOVE = YES;
				CLANG_WARN_UNGUARDED_AVAILABILITY = YES_AGGRESSIVE;
				CLANG_WARN_UNREACHABLE_CODE = YES;
				CLANG_WARN__DUPLICATE_METHOD_MATCH = YES;
				COPY_PHASE_STRIP = NO;
				DEBUG_INFORMATION_FORMAT = dwarf;
				ENABLE_STRICT_OBJC_MSGSEND = YES;
				ENABLE_TESTABILITY = YES;
				ENABLE_USER_SCRIPT_SANDBOXING = YES;
				GCC_C_LANGUAGE_STANDARD = gnu17;
				GCC_DYNAMIC_NO_PIC = NO;
				GCC_NO_COMMON_BLOCKS = YES;
				GCC_OPTIMIZATION_LEVEL = 0;
				GCC_PREPROCESSOR_DEFINITIONS = (
					"DEBUG=1",
					"$(inherited)",
				);
				GCC_WARN_64_TO_32_BIT_CONVERSION = YES;
				GCC_WARN_ABOUT_RETURN_TYPE = YES_ERROR;
				GCC_WARN_UNDECLARED_SELECTOR = YES;
				GCC_WARN_UNINITIALIZED_AUTOS = YES_AGGRESSIVE;
				GCC_WARN_UNUSED_FUNCTION = YES;
				GCC_WARN_UNUSED_VARIABLE = YES;
				IPHONEOS_DEPLOYMENT_TARGET = 17.0;
				MTL_ENABLE_DEBUG_INFO = INCLUDE_SOURCE;
				MTL_FAST_MATH = YES;
				ONLY_ACTIVE_ARCH = YES;
				SDKROOT = iphoneos;
				SWIFT_ACTIVE_COMPILATION_CONDITIONS = "DEBUG $(inherited)";
				SWIFT_OPTIMIZATION_LEVEL = "-Onone";
			};
			name = Debug;
		};
		A90000010000000000000002 /* Release */ = {
			isa = XCBuildConfiguration;
			buildSettings = {
				ALWAYS_SEARCH_USER_PATHS = NO;
				ASSETCATALOG_COMPILER_GENERATE_SWIFT_ASSET_SYMBOL_EXTENSIONS = YES;
				CLANG_ANALYZER_NONNULL = YES;
				CLANG_ANALYZER_NUMBER_OBJECT_CONVERSION = YES_AGGRESSIVE;
				CLANG_CXX_LANGUAGE_STANDARD = "gnu++20";
				CLANG_ENABLE_MODULES = YES;
				CLANG_ENABLE_OBJC_ARC = YES;
				CLANG_ENABLE_OBJC_WEAK = YES;
				CLANG_WARN_BLOCK_CAPTURE_AUTORELEASING = YES;
				CLANG_WARN_BOOL_CONVERSION = YES;
				CLANG_WARN_COMMA = YES;
				CLANG_WARN_CONSTANT_CONVERSION = YES;
				CLANG_WARN_DEPRECATED_OBJC_IMPLEMENTATIONS = YES;
				CLANG_WARN_DIRECT_OBJC_ISA_USAGE = YES_ERROR;
				CLANG_WARN_DOCUMENTATION_COMMENTS = YES;
				CLANG_WARN_EMPTY_BODY = YES;
				CLANG_WARN_ENUM_CONVERSION = YES;
				CLANG_WARN_INFINITE_RECURSION = YES;
				CLANG_WARN_INT_CONVERSION = YES;
				CLANG_WARN_NON_LITERAL_NULL_CONVERSION = YES;
				CLANG_WARN_OBJC_IMPLICIT_RETAIN_SELF = YES;
				CLANG_WARN_OBJC_LITERAL_CONVERSION = YES;
				CLANG_WARN_OBJC_ROOT_CLASS = YES_ERROR;
				CLANG_WARN_QUOTED_INCLUDE_IN_FRAMEWORK_HEADER = YES;
				CLANG_WARN_RANGE_LOOP_ANALYSIS = YES;
				CLANG_WARN_STRICT_PROTOTYPES = YES;
				CLANG_WARN_SUSPICIOUS_MOVE = YES;
				CLANG_WARN_UNGUARDED_AVAILABILITY = YES_AGGRESSIVE;
				CLANG_WARN_UNREACHABLE_CODE = YES;
				CLANG_WARN__DUPLICATE_METHOD_MATCH = YES;
				COPY_PHASE_STRIP = NO;
				DEBUG_INFORMATION_FORMAT = "dwarf-with-dsym";
				ENABLE_NS_ASSERTIONS = NO;
				ENABLE_STRICT_OBJC_MSGSEND = YES;
				ENABLE_USER_SCRIPT_SANDBOXING = YES;
				GCC_C_LANGUAGE_STANDARD = gnu17;
				GCC_NO_COMMON_BLOCKS = YES;
				GCC_WARN_64_TO_32_BIT_CONVERSION = YES;
				GCC_WARN_ABOUT_RETURN_TYPE = YES_ERROR;
				GCC_WARN_UNDECLARED_SELECTOR = YES;
				GCC_WARN_UNINITIALIZED_AUTOS = YES_AGGRESSIVE;
				GCC_WARN_UNUSED_FUNCTION = YES;
				GCC_WARN_UNUSED_VARIABLE = YES;
				IPHONEOS_DEPLOYMENT_TARGET = 17.0;
				MTL_FAST_MATH = YES;
				SDKROOT = iphoneos;
				SWIFT_COMPILATION_MODE = wholemodule;
				VALIDATE_PRODUCT = YES;
			};
			name = Release;
		};
		A90000010000000000000003 /* Debug */ = {
			isa = XCBuildConfiguration;
			buildSettings = {
				ASSETCATALOG_COMPILER_APPICON_NAME = AppIcon;
				ASSETCATALOG_COMPILER_GLOBAL_ACCENT_COLOR_NAME = AccentColor;
				CODE_SIGN_STYLE = Automatic;
				CURRENT_PROJECT_VERSION = 11;
				DEVELOPMENT_ASSET_PATHS = "";
				DEVELOPMENT_TEAM = 2YDCV4Y5W9;
				ENABLE_PREVIEWS = YES;
				GENERATE_INFOPLIST_FILE = YES;
				INFOPLIST_FILE = MimamoriTap/Info.plist;
				INFOPLIST_KEY_CFBundleDisplayName = "みまもりタップ";
				INFOPLIST_KEY_UIApplicationSceneManifest_Generation = YES;
				INFOPLIST_KEY_UIApplicationSupportsIndirectInputEvents = YES;
				INFOPLIST_KEY_UILaunchScreen_Generation = YES;
				INFOPLIST_KEY_UISupportedInterfaceOrientations_iPad = "UIInterfaceOrientationPortrait UIInterfaceOrientationPortraitUpsideDown UIInterfaceOrientationLandscapeLeft UIInterfaceOrientationLandscapeRight";
				INFOPLIST_KEY_UISupportedInterfaceOrientations_iPhone = "UIInterfaceOrientationPortrait";
				IPHONEOS_DEPLOYMENT_TARGET = 17.0;
				LD_RUNPATH_SEARCH_PATHS = (
					"$(inherited)",
					"@executable_path/Frameworks",
				);
				MARKETING_VERSION = 1.0.0;
				PRODUCT_BUNDLE_IDENTIFIER = com.willllc.mimamoritap;
				PRODUCT_NAME = "$(TARGET_NAME)";
				SUPPORTED_PLATFORMS = "iphoneos iphonesimulator";
				SUPPORTS_MACCATALYST = NO;
				SWIFT_EMIT_LOC_STRINGS = YES;
				SWIFT_VERSION = 5.0;
				TARGETED_DEVICE_FAMILY = "1,2";
			};
			name = Debug;
		};
		A90000010000000000000004 /* Release */ = {
			isa = XCBuildConfiguration;
			buildSettings = {
				ASSETCATALOG_COMPILER_APPICON_NAME = AppIcon;
				ASSETCATALOG_COMPILER_GLOBAL_ACCENT_COLOR_NAME = AccentColor;
				CODE_SIGN_STYLE = Automatic;
				CURRENT_PROJECT_VERSION = 11;
				DEVELOPMENT_ASSET_PATHS = "";
				DEVELOPMENT_TEAM = 2YDCV4Y5W9;
				ENABLE_PREVIEWS = YES;
				GENERATE_INFOPLIST_FILE = YES;
				INFOPLIST_FILE = MimamoriTap/Info.plist;
				INFOPLIST_KEY_CFBundleDisplayName = "みまもりタップ";
				INFOPLIST_KEY_UIApplicationSceneManifest_Generation = YES;
				INFOPLIST_KEY_UIApplicationSupportsIndirectInputEvents = YES;
				INFOPLIST_KEY_UILaunchScreen_Generation = YES;
				INFOPLIST_KEY_UISupportedInterfaceOrientations_iPad = "UIInterfaceOrientationPortrait UIInterfaceOrientationPortraitUpsideDown UIInterfaceOrientationLandscapeLeft UIInterfaceOrientationLandscapeRight";
				INFOPLIST_KEY_UISupportedInterfaceOrientations_iPhone = "UIInterfaceOrientationPortrait";
				IPHONEOS_DEPLOYMENT_TARGET = 17.0;
				LD_RUNPATH_SEARCH_PATHS = (
					"$(inherited)",
					"@executable_path/Frameworks",
				);
				MARKETING_VERSION = 1.0.0;
				PRODUCT_BUNDLE_IDENTIFIER = com.willllc.mimamoritap;
				PRODUCT_NAME = "$(TARGET_NAME)";
				SUPPORTED_PLATFORMS = "iphoneos iphonesimulator";
				SUPPORTS_MACCATALYST = NO;
				SWIFT_EMIT_LOC_STRINGS = YES;
				SWIFT_VERSION = 5.0;
				TARGETED_DEVICE_FAMILY = "1,2";
			};
			name = Release;
		};
		B90000010000000000000001 /* Debug */ = {
			isa = XCBuildConfiguration;
			buildSettings = {
				CODE_SIGN_STYLE = Automatic;
				CURRENT_PROJECT_VERSION = 1;
				DEVELOPMENT_TEAM = 2YDCV4Y5W9;
				GENERATE_INFOPLIST_FILE = YES;
				IPHONEOS_DEPLOYMENT_TARGET = 17.0;
				LD_RUNPATH_SEARCH_PATHS = (
					"$(inherited)",
					"@executable_path/Frameworks",
					"@loader_path/Frameworks",
				);
				MARKETING_VERSION = 1.0;
				PRODUCT_BUNDLE_IDENTIFIER = com.willllc.mimamoritap.uitests;
				PRODUCT_NAME = "$(TARGET_NAME)";
				SUPPORTED_PLATFORMS = "iphoneos iphonesimulator";
				SWIFT_EMIT_LOC_STRINGS = NO;
				SWIFT_VERSION = 5.0;
				TARGETED_DEVICE_FAMILY = "1,2";
				TEST_TARGET_NAME = MimamoriTap;
			};
			name = Debug;
		};
		B90000010000000000000002 /* Release */ = {
			isa = XCBuildConfiguration;
			buildSettings = {
				CODE_SIGN_STYLE = Automatic;
				CURRENT_PROJECT_VERSION = 1;
				DEVELOPMENT_TEAM = 2YDCV4Y5W9;
				GENERATE_INFOPLIST_FILE = YES;
				IPHONEOS_DEPLOYMENT_TARGET = 17.0;
				LD_RUNPATH_SEARCH_PATHS = (
					"$(inherited)",
					"@executable_path/Frameworks",
					"@loader_path/Frameworks",
				);
				MARKETING_VERSION = 1.0;
				PRODUCT_BUNDLE_IDENTIFIER = com.willllc.mimamoritap.uitests;
				PRODUCT_NAME = "$(TARGET_NAME)";
				SUPPORTED_PLATFORMS = "iphoneos iphonesimulator";
				SWIFT_EMIT_LOC_STRINGS = NO;
				SWIFT_VERSION = 5.0;
				TARGETED_DEVICE_FAMILY = "1,2";
				TEST_TARGET_NAME = MimamoriTap;
			};
			name = Release;
		};
/* End XCBuildConfiguration section */

/* Begin XCConfigurationList section */
		A70000010000000000000001 /* Build configuration list for PBXProject "MimamoriTap" */ = {
			isa = XCConfigurationList;
			buildConfigurations = (
				A90000010000000000000001 /* Debug */,
				A90000010000000000000002 /* Release */,
			);
			defaultConfigurationIsVisible = 0;
			defaultConfigurationName = Release;
		};
		A70000010000000000000003 /* Build configuration list for PBXNativeTarget "MimamoriTap" */ = {
			isa = XCConfigurationList;
			buildConfigurations = (
				A90000010000000000000003 /* Debug */,
				A90000010000000000000004 /* Release */,
			);
			defaultConfigurationIsVisible = 0;
			defaultConfigurationName = Release;
		};
		BA0000010000000000000001 /* Build configuration list for PBXNativeTarget "MimamoriTapUITests" */ = {
			isa = XCConfigurationList;
			buildConfigurations = (
				B90000010000000000000001 /* Debug */,
				B90000010000000000000002 /* Release */,
			);
			defaultConfigurationIsVisible = 0;
			defaultConfigurationName = Release;
		};
/* End XCConfigurationList section */
	};
	rootObject = A80000010000000000000001 /* Project object */;
}
